# THIS IS AN AUTOGENERATED FILE. DO NOT EDIT THIS FILE DIRECTLY.
# yarn lockfile v1


"@types/node@^12.0.7":
  version "12.0.7"
  resolved "https://registry.yarnpkg.com/@types/node/-/node-12.0.7.tgz#4f2563bad652b2acb1722d7e7aae2b0ff62d192c"
  integrity sha512-1YKeT4JitGgE4SOzyB9eMwO0nGVNkNEsm9qlIt1Lqm/tG2QEiSMTD4kS3aO6L+w5SClLVxALmIBESK6Mk5wX0A==

chainable-error@^1.0.0:
  version "1.0.1"
  resolved "https://registry.yarnpkg.com/chainable-error/-/chainable-error-1.0.1.tgz#bd073ee0184e86ed85993eedf6975efe380c8e70"
  integrity sha512-vfKStDqOD1HeCCGrUyBVDg7sptuHjOwXG0e3CJQka/OyfYIEGaBCxYV+c9EqqZFVVnpOyrXiApM4m0feVPCcig==

insert-filecontent-into-markdown@^1.0.3:
  version "1.0.3"
  resolved "https://registry.yarnpkg.com/insert-filecontent-into-markdown/-/insert-filecontent-into-markdown-1.0.3.tgz#41953e4e976f06fe4ea379ecc6a774e1803e1174"
  integrity sha512-sJt6DXi49vToByu3pdSH3Hka2UWuxCpAQtmIuDEeLonbrToH2k8yiMwV8n4LB39H2QhH7pFSJeSBSyt7NsDzrQ==
  dependencies:
    chainable-error "^1.0.0"
    minimist "^1.2.0"

minimist@^1.2.0:
  version "1.2.0"
  resolved "https://registry.yarnpkg.com/minimist/-/minimist-1.2.0.tgz#a35008b20f41383eec1fb914f4cd5df79a264284"
  integrity sha1-o1AIsg9BOD7sH7kU9M1d95omQoQ=

typescript@^3.9.2:
  version "3.9.2"
  resolved "https://registry.yarnpkg.com/typescript/-/typescript-3.9.2.tgz#64e9c8e9be6ea583c54607677dd4680a1cf35db9"
  integrity sha512-q2ktq4n/uLuNNShyayit+DTobV2ApPEo/6so68JaD5ojvc/6GClBipedB9zNWYxRSAlZXAe405Rlijzl6qDiSw==
