# THIS IS AN AUTOGENERATED FILE. DO NOT EDIT THIS FILE DIRECTLY.
# yarn lockfile v1


"@types/node@^12.0.7":
  version "12.12.64"
  resolved "https://registry.yarnpkg.com/@types/node/-/node-12.12.64.tgz#e3b336dc4c6ba52c6b59e3bd69a100347c20b1c0"
  integrity sha512-UV1/ZJMC+HcP902wWdpC43cAcGu0IQk/I5bXjP2aSuCjsk3cE74mDvFrLKga7oDC170ugOAYBwfT4DSQW3akDA==

chainable-error@^1.0.0:
  version "1.0.1"
  resolved "https://registry.yarnpkg.com/chainable-error/-/chainable-error-1.0.1.tgz#bd073ee0184e86ed85993eedf6975efe380c8e70"
  integrity sha512-vfKStDqOD1HeCCGrUyBVDg7sptuHjOwXG0e3CJQka/OyfYIEGaBCxYV+c9EqqZFVVnpOyrXiApM4m0feVPCcig==

insert-filecontent-into-markdown@^2.0.0:
  version "2.0.1"
  resolved "https://registry.yarnpkg.com/insert-filecontent-into-markdown/-/insert-filecontent-into-markdown-2.0.1.tgz#57dda39c382d6518976f2a0e4d551c2486aee0f5"
  integrity sha512-hAzYQMgqWjMwpwdHkUDbBl4uYujCp9yjlP/D0HTAueTx6IgBCU+ZWW+BDJpRoIFLgdmiLN+4dvPHVciac80o9w==
  dependencies:
    chainable-error "^1.0.0"
    minimist "^1.2.0"

minimist@^1.2.0:
  version "1.2.8"
  resolved "https://registry.yarnpkg.com/minimist/-/minimist-1.2.8.tgz#c1a464e7693302e082a075cee0c057741ac4772c"
  integrity sha512-2yyAR8qBkN3YuheJanUpWC5U3bb5osDywNB8RzDVlDwDHbocAJveqqj1u8+SVD7jkWT4yvsHCpWqqWqAxb0zCA==

typescript@^4.0.3:
  version "4.0.3"
  resolved "https://registry.yarnpkg.com/typescript/-/typescript-4.0.3.tgz#153bbd468ef07725c1df9c77e8b453f8d36abba5"
  integrity sha512-tEu6DGxGgRJPb/mVPIZ48e69xCn2yRmCgYmDugAVwmJ6o+0u1RI18eO7E7WBTLYLaEVVOhwQmcdhQHweux/WPg==
